<?xml version="1.0" encoding="utf-8"?>
<Project ToolsVersion="4.0" xmlns="http://schemas.microsoft.com/developer/msbuild/2003">
  <ItemGroup>
    <Filter Include="소스 파일">
      <UniqueIdentifier>{4FC737F1-C7A5-4376-A066-2A32D752A2FF}</UniqueIdentifier>
      <Extensions>cpp;c;cc;cxx;def;odl;idl;hpj;bat;asm;asmx</Extensions>
    </Filter>
    <Filter Include="헤더 파일">
      <UniqueIdentifier>{93995380-89BD-4b04-88EB-625FBE52EBFB}</UniqueIdentifier>
      <Extensions>h;hh;hpp;hxx;hm;inl;inc;ipp;xsd</Extensions>
    </Filter>
    <Filter Include="리소스 파일">
      <UniqueIdentifier>{67DA6AB6-F800-4c08-8B7A-83BB121AAD01}</UniqueIdentifier>
      <Extensions>rc;ico;cur;bmp;dlg;rc2;rct;bin;rgs;gif;jpg;jpeg;jpe;resx;tiff;tif;png;wav;mfcribbon-ms</Extensions>
    </Filter>
    <Filter Include="헤더 파일\Security">
      <UniqueIdentifier>{4c0ffeef-7b11-4efe-9c75-e9f27c6aa77f}</UniqueIdentifier>
    </Filter>
    <Filter Include="헤더 파일\Exception">
      <UniqueIdentifier>{1b1a6c6f-8a89-40fd-b5fb-62c1deec1ce1}</UniqueIdentifier>
    </Filter>
    <Filter Include="헤더 파일\State">
      <UniqueIdentifier>{5319c3d9-7509-475c-9481-32fc0eb983f5}</UniqueIdentifier>
    </Filter>
    <Filter Include="헤더 파일\State\LoginState">
      <UniqueIdentifier>{2399e570-aba4-40f0-bd96-27afee87be62}</UniqueIdentifier>
    </Filter>
    <Filter Include="헤더 파일\State\TenderState">
      <UniqueIdentifier>{e893306b-bf75-46d4-8a52-d3bb8127b27d}</UniqueIdentifier>
    </Filter>
    <Filter Include="소스 파일\State">
      <UniqueIdentifier>{d1db7439-89f4-4a29-8d91-ad7174f58b32}</UniqueIdentifier>
    </Filter>
    <Filter Include="소스 파일\State\TenderState">
      <UniqueIdentifier>{d7a64bde-f4a3-4a77-9b56-100822058d60}</UniqueIdentifier>
    </Filter>
    <Filter Include="헤더 파일\State\CloseState">
      <UniqueIdentifier>{8359c787-5fd4-4523-8f52-27fa0d9635af}</UniqueIdentifier>
    </Filter>
    <Filter Include="소스 파일\State\CloseState">
      <UniqueIdentifier>{ed2df03f-2467-44f4-accc-fb97d702efa3}</UniqueIdentifier>
    </Filter>
    <Filter Include="소스 파일\Exception">
      <UniqueIdentifier>{624fbb05-29b1-43b5-bfaf-7b6e4a3b67b8}</UniqueIdentifier>
    </Filter>
    <Filter Include="소스 파일\Security">
      <UniqueIdentifier>{857e7098-7333-4608-bd5c-127eccd81807}</UniqueIdentifier>
    </Filter>
    <Filter Include="소스 파일\DB">
      <UniqueIdentifier>{976132bc-dd17-4563-9383-26d45ab70d2b}</UniqueIdentifier>
    </Filter>
    <Filter Include="헤더 파일\DB">
      <UniqueIdentifier>{c6d4333d-7412-4002-ac38-3eb02ea2501d}</UniqueIdentifier>
    </Filter>
    <Filter Include="소스 파일\State\LoginState">
      <UniqueIdentifier>{db275f8e-abfa-4959-a303-93b9cad03ede}</UniqueIdentifier>
    </Filter>
    <Filter Include="소스 파일\State\CharacterState">
      <UniqueIdentifier>{0d1f619b-26a2-4c91-a818-a30e4eb3e38c}</UniqueIdentifier>
    </Filter>
    <Filter Include="헤더 파일\State\CharacterState">
      <UniqueIdentifier>{c7856a52-aec7-4e33-a474-33372931754d}</UniqueIdentifier>
    </Filter>
    <Filter Include="헤더 파일\Math">
      <UniqueIdentifier>{66aecef6-a7b8-4964-8db0-6367ace9502f}</UniqueIdentifier>
    </Filter>
    <Filter Include="소스 파일\State\InGameState">
      <UniqueIdentifier>{d3e030d9-1938-4860-a2db-82254dfb5153}</UniqueIdentifier>
    </Filter>
    <Filter Include="헤더 파일\State\InGameState">
      <UniqueIdentifier>{e42e1421-90dd-4587-ac50-506215454448}</UniqueIdentifier>
    </Filter>
  </ItemGroup>
  <ItemGroup>
    <ClCompile Include="MainManager.cpp">
      <Filter>소스 파일</Filter>
    </ClCompile>
    <ClCompile Include="Packet.cpp">
      <Filter>소스 파일</Filter>
    </ClCompile>
    <ClCompile Include="Socket.cpp">
      <Filter>소스 파일</Filter>
    </ClCompile>
    <ClCompile Include="TCPClient.cpp">
      <Filter>소스 파일</Filter>
    </ClCompile>
    <ClCompile Include="TCPServer.cpp">
      <Filter>소스 파일</Filter>
    </ClCompile>
    <ClCompile Include="ThreadManager.cpp">
      <Filter>소스 파일</Filter>
    </ClCompile>
    <ClCompile Include="User.cpp">
      <Filter>소스 파일</Filter>
    </ClCompile>
    <ClCompile Include="UserManager.cpp">
      <Filter>소스 파일</Filter>
    </ClCompile>
    <ClCompile Include="LoginManager.cpp">
      <Filter>소스 파일</Filter>
    </ClCompile>
    <ClCompile Include="main.cpp">
      <Filter>소스 파일</Filter>
    </ClCompile>
    <ClCompile Include="LogManager.cpp">
      <Filter>소스 파일</Filter>
    </ClCompile>
    <ClCompile Include="TenderSystem.cpp">
      <Filter>소스 파일</Filter>
    </ClCompile>
    <ClCompile Include="TenderState.cpp">
      <Filter>소스 파일\State\TenderState</Filter>
    </ClCompile>
    <ClCompile Include="LoginState.cpp">
      <Filter>소스 파일\State\LoginState</Filter>
    </ClCompile>
    <ClCompile Include="CloseState.cpp">
      <Filter>소스 파일\State\CloseState</Filter>
    </ClCompile>
    <ClCompile Include="GameManager.cpp">
      <Filter>소스 파일</Filter>
    </ClCompile>
    <ClCompile Include="ErrorManager.cpp">
      <Filter>소스 파일\Exception</Filter>
    </ClCompile>
    <ClCompile Include="EncryptManager.cpp">
      <Filter>소스 파일\Security</Filter>
    </ClCompile>
    <ClCompile Include="IocpModel.cpp">
      <Filter>소스 파일</Filter>
    </ClCompile>
    <ClCompile Include="DBManager.cpp">
      <Filter>소스 파일\DB</Filter>
    </ClCompile>
    <ClCompile Include="CharacterState.cpp">
      <Filter>소스 파일\State\CharacterState</Filter>
    </ClCompile>
    <ClCompile Include="CharacterManager.cpp">
      <Filter>소스 파일</Filter>
    </ClCompile>
    <ClCompile Include="InGameState.cpp">
      <Filter>소스 파일\State\InGameState</Filter>
    </ClCompile>
  </ItemGroup>
  <ItemGroup>
    <ClInclude Include="Packet.h">
      <Filter>헤더 파일</Filter>
    </ClInclude>
    <ClInclude Include="Socket.h">
      <Filter>헤더 파일</Filter>
    </ClInclude>
    <ClInclude Include="TCPClient.h">
      <Filter>헤더 파일</Filter>
    </ClInclude>
    <ClInclude Include="TCPServer.h">
      <Filter>헤더 파일</Filter>
    </ClInclude>
    <ClInclude Include="ThreadManager.h">
      <Filter>헤더 파일</Filter>
    </ClInclude>
    <ClInclude Include="User.h">
      <Filter>헤더 파일</Filter>
    </ClInclude>
    <ClInclude Include="UserManager.h">
      <Filter>헤더 파일</Filter>
    </ClInclude>
    <ClInclude Include="Global.h">
      <Filter>헤더 파일</Filter>
    </ClInclude>
    <ClInclude Include="LoginManager.h">
      <Filter>헤더 파일</Filter>
    </ClInclude>
    <ClInclude Include="LinkedList.h">
      <Filter>헤더 파일</Filter>
    </ClInclude>
    <ClInclude Include="LogManager.h">
      <Filter>헤더 파일</Filter>
    </ClInclude>
    <ClInclude Include="TenderSystem.h">
      <Filter>헤더 파일</Filter>
    </ClInclude>
    <ClInclude Include="EnryptManager.h">
      <Filter>헤더 파일\Security</Filter>
    </ClInclude>
    <ClInclude Include="ErrorManager.h">
      <Filter>헤더 파일\Exception</Filter>
    </ClInclude>
    <ClInclude Include="MainManager.h">
      <Filter>헤더 파일</Filter>
    </ClInclude>
    <ClInclude Include="UserState.h">
      <Filter>헤더 파일\State</Filter>
    </ClInclude>
    <ClInclude Include="LoginState.h">
      <Filter>헤더 파일\State\LoginState</Filter>
    </ClInclude>
    <ClInclude Include="TenderState.h">
      <Filter>헤더 파일\State\TenderState</Filter>
    </ClInclude>
    <ClInclude Include="CloseState.h">
      <Filter>헤더 파일\State\CloseState</Filter>
    </ClInclude>
    <ClInclude Include="GameManager.h">
      <Filter>헤더 파일</Filter>
    </ClInclude>
    <ClInclude Include="IocpModel.h">
      <Filter>헤더 파일</Filter>
    </ClInclude>
    <ClInclude Include="DBManager.h">
      <Filter>헤더 파일\DB</Filter>
    </ClInclude>
    <ClInclude Include="CharacterState.h">
      <Filter>헤더 파일\State\CharacterState</Filter>
    </ClInclude>
    <ClInclude Include="CharacterManager.h">
      <Filter>헤더 파일</Filter>
    </ClInclude>
    <ClInclude Include="Vector3.h">
      <Filter>헤더 파일\Math</Filter>
    </ClInclude>
    <ClInclude Include="InGameState.h">
      <Filter>헤더 파일\State\InGameState</Filter>
    </ClInclude>
    <ClInclude Include="Character.h">
      <Filter>헤더 파일</Filter>
    </ClInclude>
  </ItemGroup>
</Project>